
Microsoft Visual Studio Solution File, Format Version 12.00
# Visual Studio 2012
Project("{FAE04EC0-301F-11D3-BF4B-00C04F79EFBC}") = "Hospitalizacion", "Hospitalizacion.csproj", "{935546E0-5D09-420E-94B7-71681612CBE5}"
EndProject
Global
	GlobalSection(SolutionConfigurationPlatforms) = preSolution
		Debug|Any CPU = Debug|Any CPU
		Release|Any CPU = Release|Any CPU
	EndGlobalSection
	GlobalSection(ProjectConfigurationPlatforms) = postSolution
		{935546E0-5D09-420E-94B7-71681612CBE5}.Debug|Any CPU.ActiveCfg = Debug|Any CPU
		{935546E0-5D09-420E-94B7-71681612CBE5}.Debug|Any CPU.Build.0 = Debug|Any CPU
		{935546E0-5D09-420E-94B7-71681612CBE5}.Release|Any CPU.ActiveCfg = Release|Any CPU
		{935546E0-5D09-420E-94B7-71681612CBE5}.Release|Any CPU.Build.0 = Release|Any CPU
	EndGlobalSection
	GlobalSection(SolutionProperties) = preSolution
		HideSolutionNode = FALSE
	EndGlobalSection
EndGlobal
